{
  "name": "miniprogram",
  "version": "1.0.0",
  "lockfileVersion": 1,
  "requires": true,
  "dependencies": {
    "spa-custom-hooks": {
      "version": "1.2.5",
      "resolved": "https://registry.npmjs.org/spa-custom-hooks/-/spa-custom-hooks-1.2.5.tgz",
      "integrity": "sha512-QGxUrMv/TuqHa7Rarbk+nXm2dGAfGSfon9HNQ61BOuzEKtLucsdsH0/S0/y1tZWky3fX8I8E3WPcv0q67j+Xrg=="
    },
    "vant-weapp": {
      "version": "0.5.29",
      "resolved": "https://registry.npmjs.org/vant-weapp/-/vant-weapp-0.5.29.tgz",
      "integrity": "sha512-RMc0Ga914XFwspw2WuOMU8bOHlIkua8X1DoQ/KPnGQzjwT1uEL4S7W186EmaHF1wN2krB9BVd0LdRRt39dGh6Q=="
    },
    "wl-pinyin": {
      "version": "1.0.1",
      "resolved": "https://registry.npmjs.org/wl-pinyin/-/wl-pinyin-1.0.1.tgz",
      "integrity": "sha512-cn7MSdsJoaC6a4w94OoScCui2OuJhVNOZ/DL0g+6ZHWkDxKvwUQPC5NQiOOsBGql65YTgV5DTZRUzvJ1ATbTOw=="
    }
  }
}
